
Microsoft Visual Studio Solution File, Format Version 12.00
# Visual Studio Version 17
VisualStudioVersion = 17.12.35527.113 d17.12
MinimumVisualStudioVersion = 10.0.40219.1
Project("{FAE04EC0-301F-11D3-BF4B-00C04F79EFBC}") = "ObjectSerializer", "ObjectSerializer.csproj", "{9EE5C1D1-8066-44EC-BF46-FDA625D49619}"
EndProject
Global
	GlobalSection(SolutionConfigurationPlatforms) = preSolution
		Debug|Any CPU = Debug|Any CPU
		Release|Any CPU = Release|Any CPU
	EndGlobalSection
	GlobalSection(ProjectConfigurationPlatforms) = postSolution
		{9EE5C1D1-8066-44EC-BF46-FDA625D49619}.Debug|Any CPU.ActiveCfg = Debug|Any CPU
		{9EE5C1D1-8066-44EC-BF46-FDA625D49619}.Debug|Any CPU.Build.0 = Debug|Any CPU
		{9EE5C1D1-8066-44EC-BF46-FDA625D49619}.Release|Any CPU.ActiveCfg = Release|Any CPU
		{9EE5C1D1-8066-44EC-BF46-FDA625D49619}.Release|Any CPU.Build.0 = Release|Any CPU
	EndGlobalSection
	GlobalSection(SolutionProperties) = preSolution
		HideSolutionNode = FALSE
	EndGlobalSection
EndGlobal
